
Microsoft Visual Studio Solution File, Format Version 12.00
# Visual Studio Version 16
VisualStudioVersion = 16.0.31911.196
MinimumVisualStudioVersion = 10.0.40219.1
Project("{FAE04EC0-301F-11D3-BF4B-00C04F79EFBC}") = "IMOSApi", "IMOSApi\IMOSApi.csproj", "{1FD47500-20B0-4E02-9047-A4D5E7376A95}"
EndProject
Global
	GlobalSection(SolutionConfigurationPlatforms) = preSolution
		Debug|Any CPU = Debug|Any CPU
		Release|Any CPU = Release|Any CPU
	EndGlobalSection
	GlobalSection(ProjectConfigurationPlatforms) = postSolution
		{1FD47500-20B0-4E02-9047-A4D5E7376A95}.Debug|Any CPU.ActiveCfg = Debug|Any CPU
		{1FD47500-20B0-4E02-9047-A4D5E7376A95}.Debug|Any CPU.Build.0 = Debug|Any CPU
		{1FD47500-20B0-4E02-9047-A4D5E7376A95}.Release|Any CPU.ActiveCfg = Release|Any CPU
		{1FD47500-20B0-4E02-9047-A4D5E7376A95}.Release|Any CPU.Build.0 = Release|Any CPU
	EndGlobalSection
	GlobalSection(SolutionProperties) = preSolution
		HideSolutionNode = FALSE
	EndGlobalSection
	GlobalSection(ExtensibilityGlobals) = postSolution
		SolutionGuid = {2795952F-FF4F-4A09-8CE0-1DA489B1A6CE}
	EndGlobalSection
EndGlobal
